// !$*UTF8*$!
{
	archiveVersion = 1;
	classes = {
	};
	objectVersion = 50;
	objects = {

/* Begin PBXBuildFile section */
		760ED3882107E11A0048FD81 /* AppDelegate.swift in Sources */ = {isa = PBXBuildFile; fileRef = 760ED3872107E11A0048FD81 /* AppDelegate.swift */; };
		760ED38A2107E11A0048FD81 /* ViewController.swift in Sources */ = {isa = PBXBuildFile; fileRef = 760ED3892107E11A0048FD81 /* ViewController.swift */; };
		760ED38D2107E11A0048FD81 /* Main.storyboard in Resources */ = {isa = PBXBuildFile; fileRef = 760ED38B2107E11A0048FD81 /* Main.storyboard */; };
		760ED38F2107E11B0048FD81 /* Assets.xcassets in Resources */ = {isa = PBXBuildFile; fileRef = 760ED38E2107E11B0048FD81 /* Assets.xcassets */; };
		760ED3922107E11B0048FD81 /* LaunchScreen.storyboard in Resources */ = {isa = PBXBuildFile; fileRef = 760ED3902107E11B0048FD81 /* LaunchScreen.storyboard */; };
		760ED39E2107E2930048FD81 /* Categories.swift in Sources */ = {isa = PBXBuildFile; fileRef = 760ED39D2107E2930048FD81 /* Categories.swift */; };
		760ED3CD210A63A40048FD81 /* GoalsApp.xcdatamodeld in Sources */ = {isa = PBXBuildFile; fileRef = 760ED3CB210A63A40048FD81 /* GoalsApp.xcdatamodeld */; };
		760ED3D3210A67880048FD81 /* CoreDataHelper.swift in Sources */ = {isa = PBXBuildFile; fileRef = 760ED3D2210A67880048FD81 /* CoreDataHelper.swift */; };
		760ED3D5210A6CCE0048FD81 /* GoalViewController.swift in Sources */ = {isa = PBXBuildFile; fileRef = 760ED3D4210A6CCE0048FD81 /* GoalViewController.swift */; };
		760ED3DB210A7E650048FD81 /* adventure-athlete-athletic-235922.jpg in Resources */ = {isa = PBXBuildFile; fileRef = 760ED3DA210A7E650048FD81 /* adventure-athlete-athletic-235922.jpg */; };
		760ED3DD210A8B320048FD81 /* buffet-delicious-dinner-5928.jpg in Resources */ = {isa = PBXBuildFile; fileRef = 760ED3DC210A8B320048FD81 /* buffet-delicious-dinner-5928.jpg */; };
		7617E3EB210BDED9009484C4 /* book-business-coffee-324129.jpg in Resources */ = {isa = PBXBuildFile; fileRef = 7617E3EA210BDED9009484C4 /* book-business-coffee-324129.jpg */; };
		769A7537210B9B3B0079D174 /* abstract-antique-backdrop-164005.jpg in Resources */ = {isa = PBXBuildFile; fileRef = 769A7536210B9B3B0079D174 /* abstract-antique-backdrop-164005.jpg */; };
		76A8548F210FB8A2008088BC /* emptyCheck.png in Resources */ = {isa = PBXBuildFile; fileRef = 76A8548E210FB8A2008088BC /* emptyCheck.png */; };
		76A85491210FB8A8008088BC /* tic.png in Resources */ = {isa = PBXBuildFile; fileRef = 76A85490210FB8A8008088BC /* tic.png */; };
/* End PBXBuildFile section */

/* Begin PBXFileReference section */
		760ED3842107E11A0048FD81 /* GoalApp.app */ = {isa = PBXFileReference; explicitFileType = wrapper.application; includeInIndex = 0; path = GoalApp.app; sourceTree = BUILT_PRODUCTS_DIR; };
		760ED3872107E11A0048FD81 /* AppDelegate.swift */ = {isa = PBXFileReference; lastKnownFileType = sourcecode.swift; path = AppDelegate.swift; sourceTree = "<group>"; };
		760ED3892107E11A0048FD81 /* ViewController.swift */ = {isa = PBXFileReference; lastKnownFileType = sourcecode.swift; path = ViewController.swift; sourceTree = "<group>"; };
		760ED38C2107E11A0048FD81 /* Base */ = {isa = PBXFileReference; lastKnownFileType = file.storyboard; name = Base; path = Base.lproj/Main.storyboard; sourceTree = "<group>"; };
		760ED38E2107E11B0048FD81 /* Assets.xcassets */ = {isa = PBXFileReference; lastKnownFileType = folder.assetcatalog; path = Assets.xcassets; sourceTree = "<group>"; };
		760ED3912107E11B0048FD81 /* Base */ = {isa = PBXFileReference; lastKnownFileType = file.storyboard; name = Base; path = Base.lproj/LaunchScreen.storyboard; sourceTree = "<group>"; };
		760ED3932107E11B0048FD81 /* Info.plist */ = {isa = PBXFileReference; lastKnownFileType = text.plist.xml; path = Info.plist; sourceTree = "<group>"; };
		760ED39D2107E2930048FD81 /* Categories.swift */ = {isa = PBXFileReference; lastKnownFileType = sourcecode.swift; path = Categories.swift; sourceTree = "<group>"; };
		760ED3CC210A63A40048FD81 /* GoalsApp.xcdatamodel */ = {isa = PBXFileReference; lastKnownFileType = wrapper.xcdatamodel; path = GoalsApp.xcdatamodel; sourceTree = "<group>"; };
		760ED3D2210A67880048FD81 /* CoreDataHelper.swift */ = {isa = PBXFileReference; lastKnownFileType = sourcecode.swift; path = CoreDataHelper.swift; sourceTree = "<group>"; };
		760ED3D4210A6CCE0048FD81 /* GoalViewController.swift */ = {isa = PBXFileReference; lastKnownFileType = sourcecode.swift; path = GoalViewController.swift; sourceTree = "<group>"; };
		760ED3DA210A7E650048FD81 /* adventure-athlete-athletic-235922.jpg */ = {isa = PBXFileReference; lastKnownFileType = image.jpeg; path = "adventure-athlete-athletic-235922.jpg"; sourceTree = "<group>"; };
		760ED3DC210A8B320048FD81 /* buffet-delicious-dinner-5928.jpg */ = {isa = PBXFileReference; lastKnownFileType = image.jpeg; path = "buffet-delicious-dinner-5928.jpg"; sourceTree = "<group>"; };
		7617E3EA210BDED9009484C4 /* book-business-coffee-324129.jpg */ = {isa = PBXFileReference; lastKnownFileType = image.jpeg; path = "book-business-coffee-324129.jpg"; sourceTree = "<group>"; };
		769A7536210B9B3B0079D174 /* abstract-antique-backdrop-164005.jpg */ = {isa = PBXFileReference; lastKnownFileType = image.jpeg; path = "abstract-antique-backdrop-164005.jpg"; sourceTree = "<group>"; };
		76A8548E210FB8A2008088BC /* emptyCheck.png */ = {isa = PBXFileReference; lastKnownFileType = image.png; path = emptyCheck.png; sourceTree = "<group>"; };
		76A85490210FB8A8008088BC /* tic.png */ = {isa = PBXFileReference; lastKnownFileType = image.png; path = tic.png; sourceTree = "<group>"; };
/* End PBXFileReference section */

/* Begin PBXFrameworksBuildPhase section */
		760ED3812107E11A0048FD81 /* Frameworks */ = {
			isa = PBXFrameworksBuildPhase;
			buildActionMask = 2147483647;
			files = (
			);
			runOnlyForDeploymentPostprocessing = 0;
		};
/* End PBXFrameworksBuildPhase section */

/* Begin PBXGroup section */
		760ED37B2107E11A0048FD81 = {
			isa = PBXGroup;
			children = (
				760ED3CB210A63A40048FD81 /* GoalsApp.xcdatamodeld */,
				760ED3862107E11A0048FD81 /* GoalApp */,
				760ED39B2107E1940048FD81 /* Controllers */,
				760ED39C2107E26D0048FD81 /* Models */,
				760ED3852107E11A0048FD81 /* Products */,
				760ED3D1210A674F0048FD81 /* Helper */,
			);
			sourceTree = "<group>";
		};
		760ED3852107E11A0048FD81 /* Products */ = {
			isa = PBXGroup;
			children = (
				760ED3842107E11A0048FD81 /* GoalApp.app */,
			);
			name = Products;
			sourceTree = "<group>";
		};
		760ED3862107E11A0048FD81 /* GoalApp */ = {
			isa = PBXGroup;
			children = (
				760ED3872107E11A0048FD81 /* AppDelegate.swift */,
				760ED3992107E15C0048FD81 /* Storyboard */,
				760ED38E2107E11B0048FD81 /* Assets.xcassets */,
				760ED3DC210A8B320048FD81 /* buffet-delicious-dinner-5928.jpg */,
				760ED3DA210A7E650048FD81 /* adventure-athlete-athletic-235922.jpg */,
				769A7536210B9B3B0079D174 /* abstract-antique-backdrop-164005.jpg */,
				76A8548E210FB8A2008088BC /* emptyCheck.png */,
				76A85490210FB8A8008088BC /* tic.png */,
				7617E3EA210BDED9009484C4 /* book-business-coffee-324129.jpg */,
				760ED39A2107E1850048FD81 /* Views */,
				760ED3932107E11B0048FD81 /* Info.plist */,
			);
			path = GoalApp;
			sourceTree = "<group>";
		};
		760ED3992107E15C0048FD81 /* Storyboard */ = {
			isa = PBXGroup;
			children = (
				760ED38B2107E11A0048FD81 /* Main.storyboard */,
				760ED3902107E11B0048FD81 /* LaunchScreen.storyboard */,
			);
			path = Storyboard;
			sourceTree = "<group>";
		};
		760ED39A2107E1850048FD81 /* Views */ = {
			isa = PBXGroup;
			children = (
			);
			path = Views;
			sourceTree = "<group>";
		};
		760ED39B2107E1940048FD81 /* Controllers */ = {
			isa = PBXGroup;
			children = (
				760ED3892107E11A0048FD81 /* ViewController.swift */,
				760ED3D4210A6CCE0048FD81 /* GoalViewController.swift */,
			);
			path = Controllers;
			sourceTree = "<group>";
		};
		760ED39C2107E26D0048FD81 /* Models */ = {
			isa = PBXGroup;
			children = (
				760ED39D2107E2930048FD81 /* Categories.swift */,
			);
			path = Models;
			sourceTree = "<group>";
		};
		760ED3D1210A674F0048FD81 /* Helper */ = {
			isa = PBXGroup;
			children = (
				760ED3D2210A67880048FD81 /* CoreDataHelper.swift */,
			);
			path = Helper;
			sourceTree = "<group>";
		};
/* End PBXGroup section */

/* Begin PBXNativeTarget section */
		760ED3832107E11A0048FD81 /* GoalApp */ = {
			isa = PBXNativeTarget;
			buildConfigurationList = 760ED3962107E11B0048FD81 /* Build configuration list for PBXNativeTarget "GoalApp" */;
			buildPhases = (
				760ED3802107E11A0048FD81 /* Sources */,
				760ED3812107E11A0048FD81 /* Frameworks */,
				760ED3822107E11A0048FD81 /* Resources */,
			);
			buildRules = (
			);
			dependencies = (
			);
			name = GoalApp;
			productName = GoalApp;
			productReference = 760ED3842107E11A0048FD81 /* GoalApp.app */;
			productType = "com.apple.product-type.application";
		};
/* End PBXNativeTarget section */

/* Begin PBXProject section */
		760ED37C2107E11A0048FD81 /* Project object */ = {
			isa = PBXProject;
			attributes = {
				LastSwiftUpdateCheck = 0940;
				LastUpgradeCheck = 0940;
				ORGANIZATIONNAME = "Stefani İvatgil";
				TargetAttributes = {
					760ED3832107E11A0048FD81 = {
						CreatedOnToolsVersion = 9.4.1;
					};
				};
			};
			buildConfigurationList = 760ED37F2107E11A0048FD81 /* Build configuration list for PBXProject "GoalApp" */;
			compatibilityVersion = "Xcode 9.3";
			developmentRegion = en;
			hasScannedForEncodings = 0;
			knownRegions = (
				en,
				Base,
			);
			mainGroup = 760ED37B2107E11A0048FD81;
			productRefGroup = 760ED3852107E11A0048FD81 /* Products */;
			projectDirPath = "";
			projectRoot = "";
			targets = (
				760ED3832107E11A0048FD81 /* GoalApp */,
			);
		};
/* End PBXProject section */

/* Begin PBXResourcesBuildPhase section */
		760ED3822107E11A0048FD81 /* Resources */ = {
			isa = PBXResourcesBuildPhase;
			buildActionMask = 2147483647;
			files = (
				760ED3922107E11B0048FD81 /* LaunchScreen.storyboard in Resources */,
				769A7537210B9B3B0079D174 /* abstract-antique-backdrop-164005.jpg in Resources */,
				7617E3EB210BDED9009484C4 /* book-business-coffee-324129.jpg in Resources */,
				76A85491210FB8A8008088BC /* tic.png in Resources */,
				760ED3DD210A8B320048FD81 /* buffet-delicious-dinner-5928.jpg in Resources */,
				760ED3DB210A7E650048FD81 /* adventure-athlete-athletic-235922.jpg in Resources */,
				760ED38F2107E11B0048FD81 /* Assets.xcassets in Resources */,
				76A8548F210FB8A2008088BC /* emptyCheck.png in Resources */,
				760ED38D2107E11A0048FD81 /* Main.storyboard in Resources */,
			);
			runOnlyForDeploymentPostprocessing = 0;
		};
/* End PBXResourcesBuildPhase section */

/* Begin PBXSourcesBuildPhase section */
		760ED3802107E11A0048FD81 /* Sources */ = {
			isa = PBXSourcesBuildPhase;
			buildActionMask = 2147483647;
			files = (
				760ED3D3210A67880048FD81 /* CoreDataHelper.swift in Sources */,
				760ED38A2107E11A0048FD81 /* ViewController.swift in Sources */,
				760ED3882107E11A0048FD81 /* AppDelegate.swift in Sources */,
				760ED3D5210A6CCE0048FD81 /* GoalViewController.swift in Sources */,
				760ED3CD210A63A40048FD81 /* GoalsApp.xcdatamodeld in Sources */,
				760ED39E2107E2930048FD81 /* Categories.swift in Sources */,
			);
			runOnlyForDeploymentPostprocessing = 0;
		};
/* End PBXSourcesBuildPhase section */

/* Begin PBXVariantGroup section */
		760ED38B2107E11A0048FD81 /* Main.storyboard */ = {
			isa = PBXVariantGroup;
			children = (
				760ED38C2107E11A0048FD81 /* Base */,
			);
			name = Main.storyboard;
			sourceTree = "<group>";
		};
		760ED3902107E11B0048FD81 /* LaunchScreen.storyboard */ = {
			isa = PBXVariantGroup;
			children = (
				760ED3912107E11B0048FD81 /* Base */,
			);
			name = LaunchScreen.storyboard;
			sourceTree = "<group>";
		};
/* End PBXVariantGroup section */

/* Begin XCBuildConfiguration section */
		760ED3942107E11B0048FD81 /* Debug */ = {
			isa = XCBuildConfiguration;
			buildSettings = {
				ALWAYS_SEARCH_USER_PATHS = NO;
				CLANG_ANALYZER_NONNULL = YES;
				CLANG_ANALYZER_NUMBER_OBJECT_CONVERSION = YES_AGGRESSIVE;
				CLANG_CXX_LANGUAGE_STANDARD = "gnu++14";
				CLANG_CXX_LIBRARY = "libc++";
				CLANG_ENABLE_MODULES = YES;
				CLANG_ENABLE_OBJC_ARC = YES;
				CLANG_ENABLE_OBJC_WEAK = YES;
				CLANG_WARN_BLOCK_CAPTURE_AUTORELEASING = YES;
				CLANG_WARN_BOOL_CONVERSION = YES;
				CLANG_WARN_COMMA = YES;
				CLANG_WARN_CONSTANT_CONVERSION = YES;
				CLANG_WARN_DEPRECATED_OBJC_IMPLEMENTATIONS = YES;
				CLANG_WARN_DIRECT_OBJC_ISA_USAGE = YES_ERROR;
				CLANG_WARN_DOCUMENTATION_COMMENTS = YES;
				CLANG_WARN_EMPTY_BODY = YES;
				CLANG_WARN_ENUM_CONVERSION = YES;
				CLANG_WARN_INFINITE_RECURSION = YES;
				CLANG_WARN_INT_CONVERSION = YES;
				CLANG_WARN_NON_LITERAL_NULL_CONVERSION = YES;
				CLANG_WARN_OBJC_IMPLICIT_RETAIN_SELF = YES;
				CLANG_WARN_OBJC_LITERAL_CONVERSION = YES;
				CLANG_WARN_OBJC_ROOT_CLASS = YES_ERROR;
				CLANG_WARN_RANGE_LOOP_ANALYSIS = YES;
				CLANG_WARN_STRICT_PROTOTYPES = YES;
				CLANG_WARN_SUSPICIOUS_MOVE = YES;
				CLANG_WARN_UNGUARDED_AVAILABILITY = YES_AGGRESSIVE;
				CLANG_WARN_UNREACHABLE_CODE = YES;
				CLANG_WARN__DUPLICATE_METHOD_MATCH = YES;
				CODE_SIGN_IDENTITY = "iPhone Developer";
				COPY_PHASE_STRIP = NO;
				DEBUG_INFORMATION_FORMAT = dwarf;
				ENABLE_STRICT_OBJC_MSGSEND = YES;
				ENABLE_TESTABILITY = YES;
				GCC_C_LANGUAGE_STANDARD = gnu11;
				GCC_DYNAMIC_NO_PIC = NO;
				GCC_NO_COMMON_BLOCKS = YES;
				GCC_OPTIMIZATION_LEVEL = 0;
				GCC_PREPROCESSOR_DEFINITIONS = (
					"DEBUG=1",
					"$(inherited)",
				);
				GCC_WARN_64_TO_32_BIT_CONVERSION = YES;
				GCC_WARN_ABOUT_RETURN_TYPE = YES_ERROR;
				GCC_WARN_UNDECLARED_SELECTOR = YES;
				GCC_WARN_UNINITIALIZED_AUTOS = YES_AGGRESSIVE;
				GCC_WARN_UNUSED_FUNCTION = YES;
				GCC_WARN_UNUSED_VARIABLE = YES;
				IPHONEOS_DEPLOYMENT_TARGET = 11.4;
				MTL_ENABLE_DEBUG_INFO = YES;
				ONLY_ACTIVE_ARCH = YES;
				SDKROOT = iphoneos;
				SWIFT_ACTIVE_COMPILATION_CONDITIONS = DEBUG;
				SWIFT_OPTIMIZATION_LEVEL = "-Onone";
			};
			name = Debug;
		};
		760ED3952107E11B0048FD81 /* Release */ = {
			isa = XCBuildConfiguration;
			buildSettings = {
				ALWAYS_SEARCH_USER_PATHS = NO;
				CLANG_ANALYZER_NONNULL = YES;
				CLANG_ANALYZER_NUMBER_OBJECT_CONVERSION = YES_AGGRESSIVE;
				CLANG_CXX_LANGUAGE_STANDARD = "gnu++14";
				CLANG_CXX_LIBRARY = "libc++";
				CLANG_ENABLE_MODULES = YES;
				CLANG_ENABLE_OBJC_ARC = YES;
				CLANG_ENABLE_OBJC_WEAK = YES;
				CLANG_WARN_BLOCK_CAPTURE_AUTORELEASING = YES;
				CLANG_WARN_BOOL_CONVERSION = YES;
				CLANG_WARN_COMMA = YES;
				CLANG_WARN_CONSTANT_CONVERSION = YES;
				CLANG_WARN_DEPRECATED_OBJC_IMPLEMENTATIONS = YES;
				CLANG_WARN_DIRECT_OBJC_ISA_USAGE = YES_ERROR;
				CLANG_WARN_DOCUMENTATION_COMMENTS = YES;
				CLANG_WARN_EMPTY_BODY = YES;
				CLANG_WARN_ENUM_CONVERSION = YES;
				CLANG_WARN_INFINITE_RECURSION = YES;
				CLANG_WARN_INT_CONVERSION = YES;
				CLANG_WARN_NON_LITERAL_NULL_CONVERSION = YES;
				CLANG_WARN_OBJC_IMPLICIT_RETAIN_SELF = YES;
				CLANG_WARN_OBJC_LITERAL_CONVERSION = YES;
				CLANG_WARN_OBJC_ROOT_CLASS = YES_ERROR;
				CLANG_WARN_RANGE_LOOP_ANALYSIS = YES;
				CLANG_WARN_STRICT_PROTOTYPES = YES;
				CLANG_WARN_SUSPICIOUS_MOVE = YES;
				CLANG_WARN_UNGUARDED_AVAILABILITY = YES_AGGRESSIVE;
				CLANG_WARN_UNREACHABLE_CODE = YES;
				CLANG_WARN__DUPLICATE_METHOD_MATCH = YES;
				CODE_SIGN_IDENTITY = "iPhone Developer";
				COPY_PHASE_STRIP = NO;
				DEBUG_INFORMATION_FORMAT = "dwarf-with-dsym";
				ENABLE_NS_ASSERTIONS = NO;
				ENABLE_STRICT_OBJC_MSGSEND = YES;
				GCC_C_LANGUAGE_STANDARD = gnu11;
				GCC_NO_COMMON_BLOCKS = YES;
				GCC_WARN_64_TO_32_BIT_CONVERSION = YES;
				GCC_WARN_ABOUT_RETURN_TYPE = YES_ERROR;
				GCC_WARN_UNDECLARED_SELECTOR = YES;
				GCC_WARN_UNINITIALIZED_AUTOS = YES_AGGRESSIVE;
				GCC_WARN_UNUSED_FUNCTION = YES;
				GCC_WARN_UNUSED_VARIABLE = YES;
				IPHONEOS_DEPLOYMENT_TARGET = 11.4;
				MTL_ENABLE_DEBUG_INFO = NO;
				SDKROOT = iphoneos;
				SWIFT_COMPILATION_MODE = wholemodule;
				SWIFT_OPTIMIZATION_LEVEL = "-O";
				VALIDATE_PRODUCT = YES;
			};
			name = Release;
		};
		760ED3972107E11B0048FD81 /* Debug */ = {
			isa = XCBuildConfiguration;
			buildSettings = {
				ASSETCATALOG_COMPILER_APPICON_NAME = AppIcon;
				CODE_SIGN_STYLE = Automatic;
				DEVELOPMENT_TEAM = 3TRSDXX4M6;
				INFOPLIST_FILE = GoalApp/Info.plist;
				LD_RUNPATH_SEARCH_PATHS = (
					"$(inherited)",
					"@executable_path/Frameworks",
				);
				PRODUCT_BUNDLE_IDENTIFIER = com.makeschool2.GoalApp;
				PRODUCT_NAME = "$(TARGET_NAME)";
				SWIFT_VERSION = 4.0;
				TARGETED_DEVICE_FAMILY = "1,2";
			};
			name = Debug;
		};
		760ED3982107E11B0048FD81 /* Release */ = {
			isa = XCBuildConfiguration;
			buildSettings = {
				ASSETCATALOG_COMPILER_APPICON_NAME = AppIcon;
				CODE_SIGN_STYLE = Automatic;
				DEVELOPMENT_TEAM = 3TRSDXX4M6;
				INFOPLIST_FILE = GoalApp/Info.plist;
				LD_RUNPATH_SEARCH_PATHS = (
					"$(inherited)",
					"@executable_path/Frameworks",
				);
				PRODUCT_BUNDLE_IDENTIFIER = com.makeschool2.GoalApp;
				PRODUCT_NAME = "$(TARGET_NAME)";
				SWIFT_VERSION = 4.0;
				TARGETED_DEVICE_FAMILY = "1,2";
			};
			name = Release;
		};
/* End XCBuildConfiguration section */

/* Begin XCConfigurationList section */
		760ED37F2107E11A0048FD81 /* Build configuration list for PBXProject "GoalApp" */ = {
			isa = XCConfigurationList;
			buildConfigurations = (
				760ED3942107E11B0048FD81 /* Debug */,
				760ED3952107E11B0048FD81 /* Release */,
			);
			defaultConfigurationIsVisible = 0;
			defaultConfigurationName = Release;
		};
		760ED3962107E11B0048FD81 /* Build configuration list for PBXNativeTarget "GoalApp" */ = {
			isa = XCConfigurationList;
			buildConfigurations = (
				760ED3972107E11B0048FD81 /* Debug */,
				760ED3982107E11B0048FD81 /* Release */,
			);
			defaultConfigurationIsVisible = 0;
			defaultConfigurationName = Release;
		};
/* End XCConfigurationList section */

/* Begin XCVersionGroup section */
		760ED3CB210A63A40048FD81 /* GoalsApp.xcdatamodeld */ = {
			isa = XCVersionGroup;
			children = (
				760ED3CC210A63A40048FD81 /* GoalsApp.xcdatamodel */,
			);
			currentVersion = 760ED3CC210A63A40048FD81 /* GoalsApp.xcdatamodel */;
			path = GoalsApp.xcdatamodeld;
			sourceTree = "<group>";
			versionGroupType = wrapper.xcdatamodel;
		};
/* End XCVersionGroup section */
	};
	rootObject = 760ED37C2107E11A0048FD81 /* Project object */;
}
