// !$*UTF8*$!
{
	archiveVersion = 1;
	classes = {
	};
	objectVersion = 50;
	objects = {

/* Begin PBXBuildFile section */
		060147B56FE439BE8009E9B5 /* Pods_GoalApp.framework in Frameworks */ = {isa = PBXBuildFile; fileRef = FBD72869680B0D174F3BFB67 /* Pods_GoalApp.framework */; };
		7608097C211264EF00476D1C /* 221921-P15UR2-784.JPG in Resources */ = {isa = PBXBuildFile; fileRef = 7608097B211264EE00476D1C /* 221921-P15UR2-784.JPG */; };
		7608097E2112658300476D1C /* newBackground.jpeg in Resources */ = {isa = PBXBuildFile; fileRef = 7608097D2112658200476D1C /* newBackground.jpeg */; };
		76080980211266DE00476D1C /* Sans titre.png in Resources */ = {isa = PBXBuildFile; fileRef = 7608097F211266DE00476D1C /* Sans titre.png */; };
		760809822112691300476D1C /* cross.png in Resources */ = {isa = PBXBuildFile; fileRef = 760809812112691300476D1C /* cross.png */; };
		7608098421126D7800476D1C /* CalendarViewController.swift in Sources */ = {isa = PBXBuildFile; fileRef = 7608098321126D7800476D1C /* CalendarViewController.swift */; };
		760809862113639800476D1C /* work.png in Resources */ = {isa = PBXBuildFile; fileRef = 760809852113639700476D1C /* work.png */; };
		760809882113681800476D1C /* fitness.png in Resources */ = {isa = PBXBuildFile; fileRef = 760809872113681700476D1C /* fitness.png */; };
		7608098A21136EBE00476D1C /* darkbluefitness.png in Resources */ = {isa = PBXBuildFile; fileRef = 7608098921136EBC00476D1C /* darkbluefitness.png */; };
		7608098C21136ECF00476D1C /* purpleFitness.png in Resources */ = {isa = PBXBuildFile; fileRef = 7608098B21136ECE00476D1C /* purpleFitness.png */; };
		7608098E21136EDF00476D1C /* bluefitness.png in Resources */ = {isa = PBXBuildFile; fileRef = 7608098D21136EDE00476D1C /* bluefitness.png */; };
		7608099021136EEE00476D1C /* turquoisefitness.png in Resources */ = {isa = PBXBuildFile; fileRef = 7608098F21136EED00476D1C /* turquoisefitness.png */; };
		760809922113707100476D1C /* darkblueFitness2.png in Resources */ = {isa = PBXBuildFile; fileRef = 760809912113707000476D1C /* darkblueFitness2.png */; };
		760809942113A5FB00476D1C /* backgroundWorkColor.png in Resources */ = {isa = PBXBuildFile; fileRef = 760809932113A5F800476D1C /* backgroundWorkColor.png */; };
		760809962113A68400476D1C /* Goal2ViewController.swift in Sources */ = {isa = PBXBuildFile; fileRef = 760809952113A68400476D1C /* Goal2ViewController.swift */; };
		760809982113B3B000476D1C /* maviBackground.png in Resources */ = {isa = PBXBuildFile; fileRef = 760809972113B3AF00476D1C /* maviBackground.png */; };
		7608099A2114CBBF00476D1C /* 3.png in Resources */ = {isa = PBXBuildFile; fileRef = 760809992114CBBD00476D1C /* 3.png */; };
		7608099C2114CD1500476D1C /* QuoteViewController.swift in Sources */ = {isa = PBXBuildFile; fileRef = 7608099B2114CD1500476D1C /* QuoteViewController.swift */; };
		760ED3882107E11A0048FD81 /* AppDelegate.swift in Sources */ = {isa = PBXBuildFile; fileRef = 760ED3872107E11A0048FD81 /* AppDelegate.swift */; };
		760ED38A2107E11A0048FD81 /* ViewController.swift in Sources */ = {isa = PBXBuildFile; fileRef = 760ED3892107E11A0048FD81 /* ViewController.swift */; };
		760ED38D2107E11A0048FD81 /* Main.storyboard in Resources */ = {isa = PBXBuildFile; fileRef = 760ED38B2107E11A0048FD81 /* Main.storyboard */; };
		760ED38F2107E11B0048FD81 /* Assets.xcassets in Resources */ = {isa = PBXBuildFile; fileRef = 760ED38E2107E11B0048FD81 /* Assets.xcassets */; };
		760ED3922107E11B0048FD81 /* LaunchScreen.storyboard in Resources */ = {isa = PBXBuildFile; fileRef = 760ED3902107E11B0048FD81 /* LaunchScreen.storyboard */; };
		760ED39E2107E2930048FD81 /* Categories.swift in Sources */ = {isa = PBXBuildFile; fileRef = 760ED39D2107E2930048FD81 /* Categories.swift */; };
		760ED3CD210A63A40048FD81 /* GoalsApp.xcdatamodeld in Sources */ = {isa = PBXBuildFile; fileRef = 760ED3CB210A63A40048FD81 /* GoalsApp.xcdatamodeld */; };
		760ED3D3210A67880048FD81 /* CoreDataHelper.swift in Sources */ = {isa = PBXBuildFile; fileRef = 760ED3D2210A67880048FD81 /* CoreDataHelper.swift */; };
		760ED3D5210A6CCE0048FD81 /* GoalViewController.swift in Sources */ = {isa = PBXBuildFile; fileRef = 760ED3D4210A6CCE0048FD81 /* GoalViewController.swift */; };
		760ED3DB210A7E650048FD81 /* adventure-athlete-athletic-235922.jpg in Resources */ = {isa = PBXBuildFile; fileRef = 760ED3DA210A7E650048FD81 /* adventure-athlete-athletic-235922.jpg */; };
		760ED3DD210A8B320048FD81 /* buffet-delicious-dinner-5928.jpg in Resources */ = {isa = PBXBuildFile; fileRef = 760ED3DC210A8B320048FD81 /* buffet-delicious-dinner-5928.jpg */; };
		7617E3EB210BDED9009484C4 /* book-business-coffee-324129.jpg in Resources */ = {isa = PBXBuildFile; fileRef = 7617E3EA210BDED9009484C4 /* book-business-coffee-324129.jpg */; };
		7628DD5E21152E3C0079AF0B /* Date+Extention.swift in Sources */ = {isa = PBXBuildFile; fileRef = 7628DD5D21152E3C0079AF0B /* Date+Extention.swift */; };
		762BB2FA2110CA9900149964 /* CalenderView.swift in Sources */ = {isa = PBXBuildFile; fileRef = 762BB2F92110CA9900149964 /* CalenderView.swift */; };
		762BB2FC2111009C00149964 /* 1.png in Resources */ = {isa = PBXBuildFile; fileRef = 762BB2FB2111009C00149964 /* 1.png */; };
		762BB2FE211100A100149964 /* 2.png in Resources */ = {isa = PBXBuildFile; fileRef = 762BB2FD211100A100149964 /* 2.png */; };
		762BB300211100A600149964 /* Reading.png in Resources */ = {isa = PBXBuildFile; fileRef = 762BB2FF211100A600149964 /* Reading.png */; };
		769A7537210B9B3B0079D174 /* abstract-antique-backdrop-164005.jpg in Resources */ = {isa = PBXBuildFile; fileRef = 769A7536210B9B3B0079D174 /* abstract-antique-backdrop-164005.jpg */; };
		76A8548F210FB8A2008088BC /* emptyCheck.png in Resources */ = {isa = PBXBuildFile; fileRef = 76A8548E210FB8A2008088BC /* emptyCheck.png */; };
		76A85491210FB8A8008088BC /* tic.png in Resources */ = {isa = PBXBuildFile; fileRef = 76A85490210FB8A8008088BC /* tic.png */; };
/* End PBXBuildFile section */

/* Begin PBXFileReference section */
		7608097B211264EE00476D1C /* 221921-P15UR2-784.JPG */ = {isa = PBXFileReference; lastKnownFileType = image.jpeg; path = "221921-P15UR2-784.JPG"; sourceTree = "<group>"; };
		7608097D2112658200476D1C /* newBackground.jpeg */ = {isa = PBXFileReference; lastKnownFileType = image.jpeg; path = newBackground.jpeg; sourceTree = "<group>"; };
		7608097F211266DE00476D1C /* Sans titre.png */ = {isa = PBXFileReference; lastKnownFileType = image.png; path = "Sans titre.png"; sourceTree = "<group>"; };
		760809812112691300476D1C /* cross.png */ = {isa = PBXFileReference; lastKnownFileType = image.png; path = cross.png; sourceTree = "<group>"; };
		7608098321126D7800476D1C /* CalendarViewController.swift */ = {isa = PBXFileReference; lastKnownFileType = sourcecode.swift; path = CalendarViewController.swift; sourceTree = "<group>"; };
		760809852113639700476D1C /* work.png */ = {isa = PBXFileReference; lastKnownFileType = image.png; path = work.png; sourceTree = "<group>"; };
		760809872113681700476D1C /* fitness.png */ = {isa = PBXFileReference; lastKnownFileType = image.png; path = fitness.png; sourceTree = "<group>"; };
		7608098921136EBC00476D1C /* darkbluefitness.png */ = {isa = PBXFileReference; lastKnownFileType = image.png; path = darkbluefitness.png; sourceTree = "<group>"; };
		7608098B21136ECE00476D1C /* purpleFitness.png */ = {isa = PBXFileReference; lastKnownFileType = image.png; path = purpleFitness.png; sourceTree = "<group>"; };
		7608098D21136EDE00476D1C /* bluefitness.png */ = {isa = PBXFileReference; lastKnownFileType = image.png; path = bluefitness.png; sourceTree = "<group>"; };
		7608098F21136EED00476D1C /* turquoisefitness.png */ = {isa = PBXFileReference; lastKnownFileType = image.png; path = turquoisefitness.png; sourceTree = "<group>"; };
		760809912113707000476D1C /* darkblueFitness2.png */ = {isa = PBXFileReference; lastKnownFileType = image.png; path = darkblueFitness2.png; sourceTree = "<group>"; };
		760809932113A5F800476D1C /* backgroundWorkColor.png */ = {isa = PBXFileReference; lastKnownFileType = image.png; path = backgroundWorkColor.png; sourceTree = "<group>"; };
		760809952113A68400476D1C /* Goal2ViewController.swift */ = {isa = PBXFileReference; lastKnownFileType = sourcecode.swift; path = Goal2ViewController.swift; sourceTree = "<group>"; };
		760809972113B3AF00476D1C /* maviBackground.png */ = {isa = PBXFileReference; lastKnownFileType = image.png; path = maviBackground.png; sourceTree = "<group>"; };
		760809992114CBBD00476D1C /* 3.png */ = {isa = PBXFileReference; lastKnownFileType = image.png; path = 3.png; sourceTree = "<group>"; };
		7608099B2114CD1500476D1C /* QuoteViewController.swift */ = {isa = PBXFileReference; lastKnownFileType = sourcecode.swift; path = QuoteViewController.swift; sourceTree = "<group>"; };
		760ED3842107E11A0048FD81 /* GoalApp.app */ = {isa = PBXFileReference; explicitFileType = wrapper.application; includeInIndex = 0; path = GoalApp.app; sourceTree = BUILT_PRODUCTS_DIR; };
		760ED3872107E11A0048FD81 /* AppDelegate.swift */ = {isa = PBXFileReference; lastKnownFileType = sourcecode.swift; path = AppDelegate.swift; sourceTree = "<group>"; };
		760ED3892107E11A0048FD81 /* ViewController.swift */ = {isa = PBXFileReference; lastKnownFileType = sourcecode.swift; path = ViewController.swift; sourceTree = "<group>"; };
		760ED38C2107E11A0048FD81 /* Base */ = {isa = PBXFileReference; lastKnownFileType = file.storyboard; name = Base; path = Base.lproj/Main.storyboard; sourceTree = "<group>"; };
		760ED38E2107E11B0048FD81 /* Assets.xcassets */ = {isa = PBXFileReference; lastKnownFileType = folder.assetcatalog; path = Assets.xcassets; sourceTree = "<group>"; };
		760ED3912107E11B0048FD81 /* Base */ = {isa = PBXFileReference; lastKnownFileType = file.storyboard; name = Base; path = Base.lproj/LaunchScreen.storyboard; sourceTree = "<group>"; };
		760ED3932107E11B0048FD81 /* Info.plist */ = {isa = PBXFileReference; lastKnownFileType = text.plist.xml; path = Info.plist; sourceTree = "<group>"; };
		760ED39D2107E2930048FD81 /* Categories.swift */ = {isa = PBXFileReference; lastKnownFileType = sourcecode.swift; path = Categories.swift; sourceTree = "<group>"; };
		760ED3CC210A63A40048FD81 /* GoalsApp.xcdatamodel */ = {isa = PBXFileReference; lastKnownFileType = wrapper.xcdatamodel; path = GoalsApp.xcdatamodel; sourceTree = "<group>"; };
		760ED3D2210A67880048FD81 /* CoreDataHelper.swift */ = {isa = PBXFileReference; lastKnownFileType = sourcecode.swift; path = CoreDataHelper.swift; sourceTree = "<group>"; };
		760ED3D4210A6CCE0048FD81 /* GoalViewController.swift */ = {isa = PBXFileReference; lastKnownFileType = sourcecode.swift; path = GoalViewController.swift; sourceTree = "<group>"; };
		760ED3DA210A7E650048FD81 /* adventure-athlete-athletic-235922.jpg */ = {isa = PBXFileReference; lastKnownFileType = image.jpeg; path = "adventure-athlete-athletic-235922.jpg"; sourceTree = "<group>"; };
		760ED3DC210A8B320048FD81 /* buffet-delicious-dinner-5928.jpg */ = {isa = PBXFileReference; lastKnownFileType = image.jpeg; path = "buffet-delicious-dinner-5928.jpg"; sourceTree = "<group>"; };
		7617E3EA210BDED9009484C4 /* book-business-coffee-324129.jpg */ = {isa = PBXFileReference; lastKnownFileType = image.jpeg; path = "book-business-coffee-324129.jpg"; sourceTree = "<group>"; };
		7628DD5D21152E3C0079AF0B /* Date+Extention.swift */ = {isa = PBXFileReference; lastKnownFileType = sourcecode.swift; path = "Date+Extention.swift"; sourceTree = "<group>"; };
		762BB2F92110CA9900149964 /* CalenderView.swift */ = {isa = PBXFileReference; lastKnownFileType = sourcecode.swift; path = CalenderView.swift; sourceTree = "<group>"; };
		762BB2FB2111009C00149964 /* 1.png */ = {isa = PBXFileReference; lastKnownFileType = image.png; path = 1.png; sourceTree = "<group>"; };
		762BB2FD211100A100149964 /* 2.png */ = {isa = PBXFileReference; lastKnownFileType = image.png; path = 2.png; sourceTree = "<group>"; };
		762BB2FF211100A600149964 /* Reading.png */ = {isa = PBXFileReference; lastKnownFileType = image.png; path = Reading.png; sourceTree = "<group>"; };
		769A7536210B9B3B0079D174 /* abstract-antique-backdrop-164005.jpg */ = {isa = PBXFileReference; lastKnownFileType = image.jpeg; path = "abstract-antique-backdrop-164005.jpg"; sourceTree = "<group>"; };
		76A8548E210FB8A2008088BC /* emptyCheck.png */ = {isa = PBXFileReference; lastKnownFileType = image.png; path = emptyCheck.png; sourceTree = "<group>"; };
		76A85490210FB8A8008088BC /* tic.png */ = {isa = PBXFileReference; lastKnownFileType = image.png; path = tic.png; sourceTree = "<group>"; };
		ADF42EE98B8FF8185D11B8D5 /* Pods-GoalApp.release.xcconfig */ = {isa = PBXFileReference; includeInIndex = 1; lastKnownFileType = text.xcconfig; name = "Pods-GoalApp.release.xcconfig"; path = "Pods/Target Support Files/Pods-GoalApp/Pods-GoalApp.release.xcconfig"; sourceTree = "<group>"; };
		CD36C40542BA35E676BEBCAE /* Pods-GoalApp.debug.xcconfig */ = {isa = PBXFileReference; includeInIndex = 1; lastKnownFileType = text.xcconfig; name = "Pods-GoalApp.debug.xcconfig"; path = "Pods/Target Support Files/Pods-GoalApp/Pods-GoalApp.debug.xcconfig"; sourceTree = "<group>"; };
		FBD72869680B0D174F3BFB67 /* Pods_GoalApp.framework */ = {isa = PBXFileReference; explicitFileType = wrapper.framework; includeInIndex = 0; path = Pods_GoalApp.framework; sourceTree = BUILT_PRODUCTS_DIR; };
/* End PBXFileReference section */

/* Begin PBXFrameworksBuildPhase section */
		760ED3812107E11A0048FD81 /* Frameworks */ = {
			isa = PBXFrameworksBuildPhase;
			buildActionMask = 2147483647;
			files = (
				060147B56FE439BE8009E9B5 /* Pods_GoalApp.framework in Frameworks */,
			);
			runOnlyForDeploymentPostprocessing = 0;
		};
/* End PBXFrameworksBuildPhase section */

/* Begin PBXGroup section */
		41D37D11A0EC46CAAACCB437 /* Pods */ = {
			isa = PBXGroup;
			children = (
				CD36C40542BA35E676BEBCAE /* Pods-GoalApp.debug.xcconfig */,
				ADF42EE98B8FF8185D11B8D5 /* Pods-GoalApp.release.xcconfig */,
			);
			name = Pods;
			sourceTree = "<group>";
		};
		6346645789FA700C458AD822 /* Frameworks */ = {
			isa = PBXGroup;
			children = (
				FBD72869680B0D174F3BFB67 /* Pods_GoalApp.framework */,
			);
			name = Frameworks;
			sourceTree = "<group>";
		};
		760ED37B2107E11A0048FD81 = {
			isa = PBXGroup;
			children = (
				760ED3CB210A63A40048FD81 /* GoalsApp.xcdatamodeld */,
				760ED3862107E11A0048FD81 /* GoalApp */,
				760ED39B2107E1940048FD81 /* Controllers */,
				760ED39C2107E26D0048FD81 /* Models */,
				760ED3852107E11A0048FD81 /* Products */,
				760ED3D1210A674F0048FD81 /* Helper */,
				41D37D11A0EC46CAAACCB437 /* Pods */,
				6346645789FA700C458AD822 /* Frameworks */,
			);
			sourceTree = "<group>";
		};
		760ED3852107E11A0048FD81 /* Products */ = {
			isa = PBXGroup;
			children = (
				760ED3842107E11A0048FD81 /* GoalApp.app */,
			);
			name = Products;
			sourceTree = "<group>";
		};
		760ED3862107E11A0048FD81 /* GoalApp */ = {
			isa = PBXGroup;
			children = (
				7628DD5C21152E0F0079AF0B /* Extention */,
				760ED3872107E11A0048FD81 /* AppDelegate.swift */,
				760ED3992107E15C0048FD81 /* Storyboard */,
				760ED38E2107E11B0048FD81 /* Assets.xcassets */,
				760ED3DC210A8B320048FD81 /* buffet-delicious-dinner-5928.jpg */,
				7608097B211264EE00476D1C /* 221921-P15UR2-784.JPG */,
				760ED3DA210A7E650048FD81 /* adventure-athlete-athletic-235922.jpg */,
				760809972113B3AF00476D1C /* maviBackground.png */,
				7608097D2112658200476D1C /* newBackground.jpeg */,
				760809912113707000476D1C /* darkblueFitness2.png */,
				7608097F211266DE00476D1C /* Sans titre.png */,
				762BB2FB2111009C00149964 /* 1.png */,
				760809872113681700476D1C /* fitness.png */,
				760809812112691300476D1C /* cross.png */,
				762BB2FF211100A600149964 /* Reading.png */,
				760809852113639700476D1C /* work.png */,
				769A7536210B9B3B0079D174 /* abstract-antique-backdrop-164005.jpg */,
				76A8548E210FB8A2008088BC /* emptyCheck.png */,
				76A85490210FB8A8008088BC /* tic.png */,
				760809992114CBBD00476D1C /* 3.png */,
				760809932113A5F800476D1C /* backgroundWorkColor.png */,
				7608098921136EBC00476D1C /* darkbluefitness.png */,
				7608098D21136EDE00476D1C /* bluefitness.png */,
				7608098F21136EED00476D1C /* turquoisefitness.png */,
				7608098B21136ECE00476D1C /* purpleFitness.png */,
				762BB2FD211100A100149964 /* 2.png */,
				7617E3EA210BDED9009484C4 /* book-business-coffee-324129.jpg */,
				760ED39A2107E1850048FD81 /* Views */,
				760ED3932107E11B0048FD81 /* Info.plist */,
			);
			path = GoalApp;
			sourceTree = "<group>";
		};
		760ED3992107E15C0048FD81 /* Storyboard */ = {
			isa = PBXGroup;
			children = (
				760ED38B2107E11A0048FD81 /* Main.storyboard */,
				760ED3902107E11B0048FD81 /* LaunchScreen.storyboard */,
			);
			path = Storyboard;
			sourceTree = "<group>";
		};
		760ED39A2107E1850048FD81 /* Views */ = {
			isa = PBXGroup;
			children = (
			);
			path = Views;
			sourceTree = "<group>";
		};
		760ED39B2107E1940048FD81 /* Controllers */ = {
			isa = PBXGroup;
			children = (
				760ED3892107E11A0048FD81 /* ViewController.swift */,
				760ED3D4210A6CCE0048FD81 /* GoalViewController.swift */,
				760809952113A68400476D1C /* Goal2ViewController.swift */,
				762BB2F92110CA9900149964 /* CalenderView.swift */,
				7608098321126D7800476D1C /* CalendarViewController.swift */,
				7608099B2114CD1500476D1C /* QuoteViewController.swift */,
			);
			path = Controllers;
			sourceTree = "<group>";
		};
		760ED39C2107E26D0048FD81 /* Models */ = {
			isa = PBXGroup;
			children = (
				760ED39D2107E2930048FD81 /* Categories.swift */,
			);
			path = Models;
			sourceTree = "<group>";
		};
		760ED3D1210A674F0048FD81 /* Helper */ = {
			isa = PBXGroup;
			children = (
				760ED3D2210A67880048FD81 /* CoreDataHelper.swift */,
			);
			path = Helper;
			sourceTree = "<group>";
		};
		7628DD5C21152E0F0079AF0B /* Extention */ = {
			isa = PBXGroup;
			children = (
				7628DD5D21152E3C0079AF0B /* Date+Extention.swift */,
			);
			path = Extention;
			sourceTree = "<group>";
		};
/* End PBXGroup section */

/* Begin PBXNativeTarget section */
		760ED3832107E11A0048FD81 /* GoalApp */ = {
			isa = PBXNativeTarget;
			buildConfigurationList = 760ED3962107E11B0048FD81 /* Build configuration list for PBXNativeTarget "GoalApp" */;
			buildPhases = (
				655E60F8E4818C97BA4411C2 /* [CP] Check Pods Manifest.lock */,
				760ED3802107E11A0048FD81 /* Sources */,
				760ED3812107E11A0048FD81 /* Frameworks */,
				760ED3822107E11A0048FD81 /* Resources */,
				5404C7D890BAB5F361466506 /* [CP] Embed Pods Frameworks */,
			);
			buildRules = (
			);
			dependencies = (
			);
			name = GoalApp;
			productName = GoalApp;
			productReference = 760ED3842107E11A0048FD81 /* GoalApp.app */;
			productType = "com.apple.product-type.application";
		};
/* End PBXNativeTarget section */

/* Begin PBXProject section */
		760ED37C2107E11A0048FD81 /* Project object */ = {
			isa = PBXProject;
			attributes = {
				LastSwiftUpdateCheck = 0940;
				LastUpgradeCheck = 0940;
				ORGANIZATIONNAME = "Stefani İvatgil";
				TargetAttributes = {
					760ED3832107E11A0048FD81 = {
						CreatedOnToolsVersion = 9.4.1;
					};
				};
			};
			buildConfigurationList = 760ED37F2107E11A0048FD81 /* Build configuration list for PBXProject "GoalApp" */;
			compatibilityVersion = "Xcode 9.3";
			developmentRegion = en;
			hasScannedForEncodings = 0;
			knownRegions = (
				en,
				Base,
			);
			mainGroup = 760ED37B2107E11A0048FD81;
			productRefGroup = 760ED3852107E11A0048FD81 /* Products */;
			projectDirPath = "";
			projectRoot = "";
			targets = (
				760ED3832107E11A0048FD81 /* GoalApp */,
			);
		};
/* End PBXProject section */

/* Begin PBXResourcesBuildPhase section */
		760ED3822107E11A0048FD81 /* Resources */ = {
			isa = PBXResourcesBuildPhase;
			buildActionMask = 2147483647;
			files = (
				762BB300211100A600149964 /* Reading.png in Resources */,
				760809922113707100476D1C /* darkblueFitness2.png in Resources */,
				762BB2FE211100A100149964 /* 2.png in Resources */,
				760ED3922107E11B0048FD81 /* LaunchScreen.storyboard in Resources */,
				7608097C211264EF00476D1C /* 221921-P15UR2-784.JPG in Resources */,
				7608098C21136ECF00476D1C /* purpleFitness.png in Resources */,
				760809982113B3B000476D1C /* maviBackground.png in Resources */,
				760809882113681800476D1C /* fitness.png in Resources */,
				7608098A21136EBE00476D1C /* darkbluefitness.png in Resources */,
				7608097E2112658300476D1C /* newBackground.jpeg in Resources */,
				769A7537210B9B3B0079D174 /* abstract-antique-backdrop-164005.jpg in Resources */,
				760809862113639800476D1C /* work.png in Resources */,
				760809822112691300476D1C /* cross.png in Resources */,
				760809942113A5FB00476D1C /* backgroundWorkColor.png in Resources */,
				7617E3EB210BDED9009484C4 /* book-business-coffee-324129.jpg in Resources */,
				7608099021136EEE00476D1C /* turquoisefitness.png in Resources */,
				76080980211266DE00476D1C /* Sans titre.png in Resources */,
				7608098E21136EDF00476D1C /* bluefitness.png in Resources */,
				76A85491210FB8A8008088BC /* tic.png in Resources */,
				760ED3DD210A8B320048FD81 /* buffet-delicious-dinner-5928.jpg in Resources */,
				760ED3DB210A7E650048FD81 /* adventure-athlete-athletic-235922.jpg in Resources */,
				7608099A2114CBBF00476D1C /* 3.png in Resources */,
				760ED38F2107E11B0048FD81 /* Assets.xcassets in Resources */,
				76A8548F210FB8A2008088BC /* emptyCheck.png in Resources */,
				760ED38D2107E11A0048FD81 /* Main.storyboard in Resources */,
				762BB2FC2111009C00149964 /* 1.png in Resources */,
			);
			runOnlyForDeploymentPostprocessing = 0;
		};
/* End PBXResourcesBuildPhase section */

/* Begin PBXShellScriptBuildPhase section */
		5404C7D890BAB5F361466506 /* [CP] Embed Pods Frameworks */ = {
			isa = PBXShellScriptBuildPhase;
			buildActionMask = 2147483647;
			files = (
			);
			inputPaths = (
				"${SRCROOT}/Pods/Target Support Files/Pods-GoalApp/Pods-GoalApp-frameworks.sh",
				"${BUILT_PRODUCTS_DIR}/KDCalendar/KDCalendar.framework",
			);
			name = "[CP] Embed Pods Frameworks";
			outputPaths = (
				"${TARGET_BUILD_DIR}/${FRAMEWORKS_FOLDER_PATH}/KDCalendar.framework",
			);
			runOnlyForDeploymentPostprocessing = 0;
			shellPath = /bin/sh;
			shellScript = "\"${SRCROOT}/Pods/Target Support Files/Pods-GoalApp/Pods-GoalApp-frameworks.sh\"\n";
			showEnvVarsInLog = 0;
		};
		655E60F8E4818C97BA4411C2 /* [CP] Check Pods Manifest.lock */ = {
			isa = PBXShellScriptBuildPhase;
			buildActionMask = 2147483647;
			files = (
			);
			inputPaths = (
				"${PODS_PODFILE_DIR_PATH}/Podfile.lock",
				"${PODS_ROOT}/Manifest.lock",
			);
			name = "[CP] Check Pods Manifest.lock";
			outputPaths = (
				"$(DERIVED_FILE_DIR)/Pods-GoalApp-checkManifestLockResult.txt",
			);
			runOnlyForDeploymentPostprocessing = 0;
			shellPath = /bin/sh;
			shellScript = "diff \"${PODS_PODFILE_DIR_PATH}/Podfile.lock\" \"${PODS_ROOT}/Manifest.lock\" > /dev/null\nif [ $? != 0 ] ; then\n    # print error to STDERR\n    echo \"error: The sandbox is not in sync with the Podfile.lock. Run 'pod install' or update your CocoaPods installation.\" >&2\n    exit 1\nfi\n# This output is used by Xcode 'outputs' to avoid re-running this script phase.\necho \"SUCCESS\" > \"${SCRIPT_OUTPUT_FILE_0}\"\n";
			showEnvVarsInLog = 0;
		};
/* End PBXShellScriptBuildPhase section */

/* Begin PBXSourcesBuildPhase section */
		760ED3802107E11A0048FD81 /* Sources */ = {
			isa = PBXSourcesBuildPhase;
			buildActionMask = 2147483647;
			files = (
				760809962113A68400476D1C /* Goal2ViewController.swift in Sources */,
				7608098421126D7800476D1C /* CalendarViewController.swift in Sources */,
				760ED3D3210A67880048FD81 /* CoreDataHelper.swift in Sources */,
				760ED38A2107E11A0048FD81 /* ViewController.swift in Sources */,
				762BB2FA2110CA9900149964 /* CalenderView.swift in Sources */,
				760ED3882107E11A0048FD81 /* AppDelegate.swift in Sources */,
				760ED3D5210A6CCE0048FD81 /* GoalViewController.swift in Sources */,
				7628DD5E21152E3C0079AF0B /* Date+Extention.swift in Sources */,
				760ED3CD210A63A40048FD81 /* GoalsApp.xcdatamodeld in Sources */,
				760ED39E2107E2930048FD81 /* Categories.swift in Sources */,
				7608099C2114CD1500476D1C /* QuoteViewController.swift in Sources */,
			);
			runOnlyForDeploymentPostprocessing = 0;
		};
/* End PBXSourcesBuildPhase section */

/* Begin PBXVariantGroup section */
		760ED38B2107E11A0048FD81 /* Main.storyboard */ = {
			isa = PBXVariantGroup;
			children = (
				760ED38C2107E11A0048FD81 /* Base */,
			);
			name = Main.storyboard;
			sourceTree = "<group>";
		};
		760ED3902107E11B0048FD81 /* LaunchScreen.storyboard */ = {
			isa = PBXVariantGroup;
			children = (
				760ED3912107E11B0048FD81 /* Base */,
			);
			name = LaunchScreen.storyboard;
			sourceTree = "<group>";
		};
/* End PBXVariantGroup section */

/* Begin XCBuildConfiguration section */
		760ED3942107E11B0048FD81 /* Debug */ = {
			isa = XCBuildConfiguration;
			buildSettings = {
				ALWAYS_SEARCH_USER_PATHS = NO;
				CLANG_ANALYZER_NONNULL = YES;
				CLANG_ANALYZER_NUMBER_OBJECT_CONVERSION = YES_AGGRESSIVE;
				CLANG_CXX_LANGUAGE_STANDARD = "gnu++14";
				CLANG_CXX_LIBRARY = "libc++";
				CLANG_ENABLE_MODULES = YES;
				CLANG_ENABLE_OBJC_ARC = YES;
				CLANG_ENABLE_OBJC_WEAK = YES;
				CLANG_WARN_BLOCK_CAPTURE_AUTORELEASING = YES;
				CLANG_WARN_BOOL_CONVERSION = YES;
				CLANG_WARN_COMMA = YES;
				CLANG_WARN_CONSTANT_CONVERSION = YES;
				CLANG_WARN_DEPRECATED_OBJC_IMPLEMENTATIONS = YES;
				CLANG_WARN_DIRECT_OBJC_ISA_USAGE = YES_ERROR;
				CLANG_WARN_DOCUMENTATION_COMMENTS = YES;
				CLANG_WARN_EMPTY_BODY = YES;
				CLANG_WARN_ENUM_CONVERSION = YES;
				CLANG_WARN_INFINITE_RECURSION = YES;
				CLANG_WARN_INT_CONVERSION = YES;
				CLANG_WARN_NON_LITERAL_NULL_CONVERSION = YES;
				CLANG_WARN_OBJC_IMPLICIT_RETAIN_SELF = YES;
				CLANG_WARN_OBJC_LITERAL_CONVERSION = YES;
				CLANG_WARN_OBJC_ROOT_CLASS = YES_ERROR;
				CLANG_WARN_RANGE_LOOP_ANALYSIS = YES;
				CLANG_WARN_STRICT_PROTOTYPES = YES;
				CLANG_WARN_SUSPICIOUS_MOVE = YES;
				CLANG_WARN_UNGUARDED_AVAILABILITY = YES_AGGRESSIVE;
				CLANG_WARN_UNREACHABLE_CODE = YES;
				CLANG_WARN__DUPLICATE_METHOD_MATCH = YES;
				CODE_SIGN_IDENTITY = "iPhone Developer";
				COPY_PHASE_STRIP = NO;
				DEBUG_INFORMATION_FORMAT = dwarf;
				ENABLE_STRICT_OBJC_MSGSEND = YES;
				ENABLE_TESTABILITY = YES;
				GCC_C_LANGUAGE_STANDARD = gnu11;
				GCC_DYNAMIC_NO_PIC = NO;
				GCC_NO_COMMON_BLOCKS = YES;
				GCC_OPTIMIZATION_LEVEL = 0;
				GCC_PREPROCESSOR_DEFINITIONS = (
					"DEBUG=1",
					"$(inherited)",
				);
				GCC_WARN_64_TO_32_BIT_CONVERSION = YES;
				GCC_WARN_ABOUT_RETURN_TYPE = YES_ERROR;
				GCC_WARN_UNDECLARED_SELECTOR = YES;
				GCC_WARN_UNINITIALIZED_AUTOS = YES_AGGRESSIVE;
				GCC_WARN_UNUSED_FUNCTION = YES;
				GCC_WARN_UNUSED_VARIABLE = YES;
				IPHONEOS_DEPLOYMENT_TARGET = 11.4;
				MTL_ENABLE_DEBUG_INFO = YES;
				ONLY_ACTIVE_ARCH = YES;
				SDKROOT = iphoneos;
				SWIFT_ACTIVE_COMPILATION_CONDITIONS = DEBUG;
				SWIFT_OPTIMIZATION_LEVEL = "-Onone";
			};
			name = Debug;
		};
		760ED3952107E11B0048FD81 /* Release */ = {
			isa = XCBuildConfiguration;
			buildSettings = {
				ALWAYS_SEARCH_USER_PATHS = NO;
				CLANG_ANALYZER_NONNULL = YES;
				CLANG_ANALYZER_NUMBER_OBJECT_CONVERSION = YES_AGGRESSIVE;
				CLANG_CXX_LANGUAGE_STANDARD = "gnu++14";
				CLANG_CXX_LIBRARY = "libc++";
				CLANG_ENABLE_MODULES = YES;
				CLANG_ENABLE_OBJC_ARC = YES;
				CLANG_ENABLE_OBJC_WEAK = YES;
				CLANG_WARN_BLOCK_CAPTURE_AUTORELEASING = YES;
				CLANG_WARN_BOOL_CONVERSION = YES;
				CLANG_WARN_COMMA = YES;
				CLANG_WARN_CONSTANT_CONVERSION = YES;
				CLANG_WARN_DEPRECATED_OBJC_IMPLEMENTATIONS = YES;
				CLANG_WARN_DIRECT_OBJC_ISA_USAGE = YES_ERROR;
				CLANG_WARN_DOCUMENTATION_COMMENTS = YES;
				CLANG_WARN_EMPTY_BODY = YES;
				CLANG_WARN_ENUM_CONVERSION = YES;
				CLANG_WARN_INFINITE_RECURSION = YES;
				CLANG_WARN_INT_CONVERSION = YES;
				CLANG_WARN_NON_LITERAL_NULL_CONVERSION = YES;
				CLANG_WARN_OBJC_IMPLICIT_RETAIN_SELF = YES;
				CLANG_WARN_OBJC_LITERAL_CONVERSION = YES;
				CLANG_WARN_OBJC_ROOT_CLASS = YES_ERROR;
				CLANG_WARN_RANGE_LOOP_ANALYSIS = YES;
				CLANG_WARN_STRICT_PROTOTYPES = YES;
				CLANG_WARN_SUSPICIOUS_MOVE = YES;
				CLANG_WARN_UNGUARDED_AVAILABILITY = YES_AGGRESSIVE;
				CLANG_WARN_UNREACHABLE_CODE = YES;
				CLANG_WARN__DUPLICATE_METHOD_MATCH = YES;
				CODE_SIGN_IDENTITY = "iPhone Developer";
				COPY_PHASE_STRIP = NO;
				DEBUG_INFORMATION_FORMAT = "dwarf-with-dsym";
				ENABLE_NS_ASSERTIONS = NO;
				ENABLE_STRICT_OBJC_MSGSEND = YES;
				GCC_C_LANGUAGE_STANDARD = gnu11;
				GCC_NO_COMMON_BLOCKS = YES;
				GCC_WARN_64_TO_32_BIT_CONVERSION = YES;
				GCC_WARN_ABOUT_RETURN_TYPE = YES_ERROR;
				GCC_WARN_UNDECLARED_SELECTOR = YES;
				GCC_WARN_UNINITIALIZED_AUTOS = YES_AGGRESSIVE;
				GCC_WARN_UNUSED_FUNCTION = YES;
				GCC_WARN_UNUSED_VARIABLE = YES;
				IPHONEOS_DEPLOYMENT_TARGET = 11.4;
				MTL_ENABLE_DEBUG_INFO = NO;
				SDKROOT = iphoneos;
				SWIFT_COMPILATION_MODE = wholemodule;
				SWIFT_OPTIMIZATION_LEVEL = "-O";
				VALIDATE_PRODUCT = YES;
			};
			name = Release;
		};
		760ED3972107E11B0048FD81 /* Debug */ = {
			isa = XCBuildConfiguration;
			baseConfigurationReference = CD36C40542BA35E676BEBCAE /* Pods-GoalApp.debug.xcconfig */;
			buildSettings = {
				ASSETCATALOG_COMPILER_APPICON_NAME = AppIcon;
				CODE_SIGN_STYLE = Automatic;
				DEVELOPMENT_TEAM = 3TRSDXX4M6;
				INFOPLIST_FILE = GoalApp/Info.plist;
				LD_RUNPATH_SEARCH_PATHS = (
					"$(inherited)",
					"@executable_path/Frameworks",
				);
				PRODUCT_BUNDLE_IDENTIFIER = com.makeschool2.GoalApp;
				PRODUCT_NAME = "$(TARGET_NAME)";
				SWIFT_VERSION = 4.0;
				TARGETED_DEVICE_FAMILY = "1,2";
			};
			name = Debug;
		};
		760ED3982107E11B0048FD81 /* Release */ = {
			isa = XCBuildConfiguration;
			baseConfigurationReference = ADF42EE98B8FF8185D11B8D5 /* Pods-GoalApp.release.xcconfig */;
			buildSettings = {
				ASSETCATALOG_COMPILER_APPICON_NAME = AppIcon;
				CODE_SIGN_STYLE = Automatic;
				DEVELOPMENT_TEAM = 3TRSDXX4M6;
				INFOPLIST_FILE = GoalApp/Info.plist;
				LD_RUNPATH_SEARCH_PATHS = (
					"$(inherited)",
					"@executable_path/Frameworks",
				);
				PRODUCT_BUNDLE_IDENTIFIER = com.makeschool2.GoalApp;
				PRODUCT_NAME = "$(TARGET_NAME)";
				SWIFT_VERSION = 4.0;
				TARGETED_DEVICE_FAMILY = "1,2";
			};
			name = Release;
		};
/* End XCBuildConfiguration section */

/* Begin XCConfigurationList section */
		760ED37F2107E11A0048FD81 /* Build configuration list for PBXProject "GoalApp" */ = {
			isa = XCConfigurationList;
			buildConfigurations = (
				760ED3942107E11B0048FD81 /* Debug */,
				760ED3952107E11B0048FD81 /* Release */,
			);
			defaultConfigurationIsVisible = 0;
			defaultConfigurationName = Release;
		};
		760ED3962107E11B0048FD81 /* Build configuration list for PBXNativeTarget "GoalApp" */ = {
			isa = XCConfigurationList;
			buildConfigurations = (
				760ED3972107E11B0048FD81 /* Debug */,
				760ED3982107E11B0048FD81 /* Release */,
			);
			defaultConfigurationIsVisible = 0;
			defaultConfigurationName = Release;
		};
/* End XCConfigurationList section */

/* Begin XCVersionGroup section */
		760ED3CB210A63A40048FD81 /* GoalsApp.xcdatamodeld */ = {
			isa = XCVersionGroup;
			children = (
				760ED3CC210A63A40048FD81 /* GoalsApp.xcdatamodel */,
			);
			currentVersion = 760ED3CC210A63A40048FD81 /* GoalsApp.xcdatamodel */;
			path = GoalsApp.xcdatamodeld;
			sourceTree = "<group>";
			versionGroupType = wrapper.xcdatamodel;
		};
/* End XCVersionGroup section */
	};
	rootObject = 760ED37C2107E11A0048FD81 /* Project object */;
}
